
Microsoft Visual Studio Solution File, Format Version 12.00
# Visual Studio Version 16
VisualStudioVersion = 16.0.31424.327
MinimumVisualStudioVersion = 10.0.40219.1
Project("{FAE04EC0-301F-11D3-BF4B-00C04F79EFBC}") = "LoginForm", "LoginForm\LoginForm.csproj", "{06EC0888-08C7-4341-BE4B-1B024BAA5D7E}"
EndProject
Global
	GlobalSection(SolutionConfigurationPlatforms) = preSolution
		Debug|Any CPU = Debug|Any CPU
		Release|Any CPU = Release|Any CPU
	EndGlobalSection
	GlobalSection(ProjectConfigurationPlatforms) = postSolution
		{06EC0888-08C7-4341-BE4B-1B024BAA5D7E}.Debug|Any CPU.ActiveCfg = Debug|Any CPU
		{06EC0888-08C7-4341-BE4B-1B024BAA5D7E}.Debug|Any CPU.Build.0 = Debug|Any CPU
		{06EC0888-08C7-4341-BE4B-1B024BAA5D7E}.Release|Any CPU.ActiveCfg = Release|Any CPU
		{06EC0888-08C7-4341-BE4B-1B024BAA5D7E}.Release|Any CPU.Build.0 = Release|Any CPU
	EndGlobalSection
	GlobalSection(SolutionProperties) = preSolution
		HideSolutionNode = FALSE
	EndGlobalSection
	GlobalSection(ExtensibilityGlobals) = postSolution
		SolutionGuid = {1A253F56-2C23-4DA9-97C3-E83181F4BE7C}
	EndGlobalSection
EndGlobal
